{
  "name": "folder",
  "version": "1.0.0",
  "lockfileVersion": 2,
  "requires": true,
  "packages": {
    "": {
      "name": "folder",
      "version": "1.0.0",
      "license": "ISC",
      "dependencies": {
        "audio-buffer-from": "^1.1.1",
        "axios": "^0.21.1",
        "base64-arraybuffer": "^0.2.0",
        "react-interval": "^2.1.2"
      }
    },
    "node_modules/@types/prop-types": {
      "version": "15.7.3",
      "resolved": "https://registry.npmjs.org/@types/prop-types/-/prop-types-15.7.3.tgz",
      "integrity": "sha512-KfRL3PuHmqQLOG+2tGpRO26Ctg+Cq1E01D2DMriKEATHgWLfeNDmq9e29Q9WIky0dQ3NPkd1mzYH8Lm936Z9qw==",
      "peer": true
    },
    "node_modules/@types/react": {
      "version": "17.0.4",
      "resolved": "https://registry.npmjs.org/@types/react/-/react-17.0.4.tgz",
      "integrity": "sha512-onz2BqScSFMoTRdJUZUDD/7xrusM8hBA2Fktk2qgaTYPCgPvWnDEgkrOs8hhPUf2jfcIXkJ5yK6VfYormJS3Jw==",
      "peer": true,
      "dependencies": {
        "@types/prop-types": "*",
        "@types/scheduler": "*",
        "csstype": "^3.0.2"
      }
    },
    "node_modules/@types/scheduler": {
      "version": "0.16.1",
      "resolved": "https://registry.npmjs.org/@types/scheduler/-/scheduler-0.16.1.tgz",
      "integrity": "sha512-EaCxbanVeyxDRTQBkdLb3Bvl/HK7PBK6UJjsSixB0iHKoWxE5uu2Q/DgtpOhPIojN0Zl1whvOd7PoHs2P0s5eA==",
      "peer": true
    },
    "node_modules/atob-lite": {
      "version": "2.0.0",
      "resolved": "https://registry.npmjs.org/atob-lite/-/atob-lite-2.0.0.tgz",
      "integrity": "sha1-D+9a1G8b16hQLGVyfwNn1e5D1pY="
    },
    "node_modules/audio-buffer": {
      "version": "4.0.4",
      "resolved": "https://registry.npmjs.org/audio-buffer/-/audio-buffer-4.0.4.tgz",
      "integrity": "sha512-phH+MR3G+N/PO5ZKKxx7HlU6vJwAJFa0+FCaTjr/4lUZU/RCjUTqlk3nMJTRy5+b+6cbx8m//EtwZOVI5Ht9+w==",
      "dependencies": {
        "audio-context": "^1.0.0"
      }
    },
    "node_modules/audio-buffer-from": {
      "version": "1.1.1",
      "resolved": "https://registry.npmjs.org/audio-buffer-from/-/audio-buffer-from-1.1.1.tgz",
      "integrity": "sha512-8Wcira24z+26GXDFe7ZFRF1bJm1iWrz8O+XL8iNZxZjxqAPXIoK1IrJiOqStv35ASPbRjG57ZK/T0WO92MDUSg==",
      "dependencies": {
        "audio-buffer": "^4.0.4",
        "audio-context": "^1.0.1",
        "audio-format": "^2.0.0",
        "is-audio-buffer": "^1.0.11",
        "is-plain-obj": "^1.1.0",
        "pcm-convert": "^1.6.0",
        "pick-by-alias": "^1.2.0",
        "string-to-arraybuffer": "^1.0.0"
      }
    },
    "node_modules/audio-context": {
      "version": "1.0.3",
      "resolved": "https://registry.npmjs.org/audio-context/-/audio-context-1.0.3.tgz",
      "integrity": "sha512-RH3/rM74f2ITlohhjgC7oYZVS97wtv/SEjXLCzEinnrIPIDxc39m2aFc6wmdkM0NYRKo1DMleYPMAIbnTRW0eA=="
    },
    "node_modules/audio-format": {
      "version": "2.3.2",
      "resolved": "https://registry.npmjs.org/audio-format/-/audio-format-2.3.2.tgz",
      "integrity": "sha512-5IA2grZhaVhpGxX6lbJm8VVh/SKQULMXXrFxuiodi0zhzDPRB8BJfieo89AclEQv4bDxZRH4lv06qNnxqkFhKQ==",
      "dependencies": {
        "is-audio-buffer": "^1.0.11",
        "is-buffer": "^1.1.5",
        "is-plain-obj": "^1.1.0",
        "pick-by-alias": "^1.2.0",
        "sample-rate": "^2.0.0"
      }
    },
    "node_modules/axios": {
      "version": "0.21.1",
      "resolved": "https://registry.npmjs.org/axios/-/axios-0.21.1.tgz",
      "integrity": "sha512-dKQiRHxGD9PPRIUNIWvZhPTPpl1rf/OxTYKsqKUDjBwYylTvV7SjSHJb9ratfyzM6wCdLCOYLzs73qpg5c4iGA==",
      "dependencies": {
        "follow-redirects": "^1.10.0"
      }
    },
    "node_modules/base64-arraybuffer": {
      "version": "0.2.0",
      "resolved": "https://registry.npmjs.org/base64-arraybuffer/-/base64-arraybuffer-0.2.0.tgz",
      "integrity": "sha512-7emyCsu1/xiBXgQZrscw/8KPRT44I4Yq9Pe6EGs3aPRTsWuggML1/1DTuZUuIaJPIm1FTDUVXl4x/yW8s0kQDQ==",
      "engines": {
        "node": ">= 0.6.0"
      }
    },
    "node_modules/csstype": {
      "version": "3.0.8",
      "resolved": "https://registry.npmjs.org/csstype/-/csstype-3.0.8.tgz",
      "integrity": "sha512-jXKhWqXPmlUeoQnF/EhTtTl4C9SnrxSH/jZUih3jmO6lBKr99rP3/+FmrMj4EFpOXzMtXHAZkd3x0E6h6Fgflw==",
      "peer": true
    },
    "node_modules/follow-redirects": {
      "version": "1.14.0",
      "resolved": "https://registry.npmjs.org/follow-redirects/-/follow-redirects-1.14.0.tgz",
      "integrity": "sha512-0vRwd7RKQBTt+mgu87mtYeofLFZpTas2S9zY+jIeuLJMNvudIgF52nr19q40HOwH5RrhWIPuj9puybzSJiRrVg==",
      "funding": [
        {
          "type": "individual",
          "url": "https://github.com/sponsors/RubenVerborgh"
        }
      ],
      "engines": {
        "node": ">=4.0"
      },
      "peerDependenciesMeta": {
        "debug": {
          "optional": true
        }
      }
    },
    "node_modules/is-audio-buffer": {
      "version": "1.1.0",
      "resolved": "https://registry.npmjs.org/is-audio-buffer/-/is-audio-buffer-1.1.0.tgz",
      "integrity": "sha512-fmPC/dizJmP4ITCsW5oTQGMJ9wZVE+A/zAe6FQo3XwgERxmXHmm3ON5XkWDAxmyxvsrDmWx3NArpSgamp/59AA=="
    },
    "node_modules/is-base64": {
      "version": "0.1.0",
      "resolved": "https://registry.npmjs.org/is-base64/-/is-base64-0.1.0.tgz",
      "integrity": "sha512-WRRyllsGXJM7ZN7gPTCCQ/6wNPTRDwiWdPK66l5sJzcU/oOzcIcRRf0Rux8bkpox/1yjt0F6VJRsQOIG2qz5sg=="
    },
    "node_modules/is-buffer": {
      "version": "1.1.6",
      "resolved": "https://registry.npmjs.org/is-buffer/-/is-buffer-1.1.6.tgz",
      "integrity": "sha512-NcdALwpXkTm5Zvvbk7owOUSvVvBKDgKP5/ewfXEznmQFfs4ZRmanOeKBTjRVjka3QFoN6XJ+9F3USqfHqTaU5w=="
    },
    "node_modules/is-plain-obj": {
      "version": "1.1.0",
      "resolved": "https://registry.npmjs.org/is-plain-obj/-/is-plain-obj-1.1.0.tgz",
      "integrity": "sha1-caUMhCnfync8kqOQpKA7OfzVHT4=",
      "engines": {
        "node": ">=0.10.0"
      }
    },
    "node_modules/js-tokens": {
      "version": "4.0.0",
      "resolved": "https://registry.npmjs.org/js-tokens/-/js-tokens-4.0.0.tgz",
      "integrity": "sha512-RdJUflcE3cUzKiMqQgsCu06FPu9UdIJO0beYbPhHN4k6apgJtifcoCtT9bcxOpYBtpD2kCM6Sbzg4CausW/PKQ=="
    },
    "node_modules/loose-envify": {
      "version": "1.4.0",
      "resolved": "https://registry.npmjs.org/loose-envify/-/loose-envify-1.4.0.tgz",
      "integrity": "sha512-lyuxPGr/Wfhrlem2CL/UcnUc1zcqKAImBDzukY7Y5F/yQiNdko6+fRLevlw1HgMySw7f611UIY408EtxRSoK3Q==",
      "dependencies": {
        "js-tokens": "^3.0.0 || ^4.0.0"
      },
      "bin": {
        "loose-envify": "cli.js"
      }
    },
    "node_modules/object-assign": {
      "version": "4.1.1",
      "resolved": "https://registry.npmjs.org/object-assign/-/object-assign-4.1.1.tgz",
      "integrity": "sha1-IQmtx5ZYh8/AXLvUQsrIv7s2CGM=",
      "engines": {
        "node": ">=0.10.0"
      }
    },
    "node_modules/pcm-convert": {
      "version": "1.6.5",
      "resolved": "https://registry.npmjs.org/pcm-convert/-/pcm-convert-1.6.5.tgz",
      "integrity": "sha512-5CEspU4j8aEQ80AhNbcLfpT0apc93E6endFxahWd4sV70I6PN7LPdz8GoYm/1qr400K9bUVsVA+KxNgbFROZPw==",
      "dependencies": {
        "audio-format": "^2.3.2",
        "is-audio-buffer": "^1.0.11",
        "is-buffer": "^1.1.5",
        "object-assign": "^4.1.1"
      }
    },
    "node_modules/pick-by-alias": {
      "version": "1.2.0",
      "resolved": "https://registry.npmjs.org/pick-by-alias/-/pick-by-alias-1.2.0.tgz",
      "integrity": "sha1-X3yysfIabh6ISgyHhVqko3NhEHs="
    },
    "node_modules/prop-types": {
      "version": "15.7.2",
      "resolved": "https://registry.npmjs.org/prop-types/-/prop-types-15.7.2.tgz",
      "integrity": "sha512-8QQikdH7//R2vurIJSutZ1smHYTcLpRWEOlHnzcWHmBYrOGUysKwSsrC89BCiFj3CbrfJ/nXFdJepOVrY1GCHQ==",
      "dependencies": {
        "loose-envify": "^1.4.0",
        "object-assign": "^4.1.1",
        "react-is": "^16.8.1"
      }
    },
    "node_modules/react": {
      "version": "17.0.2",
      "resolved": "https://registry.npmjs.org/react/-/react-17.0.2.tgz",
      "integrity": "sha512-gnhPt75i/dq/z3/6q/0asP78D0u592D5L1pd7M8P+dck6Fu/jJeL6iVVK23fptSUZj8Vjf++7wXA8UNclGQcbA==",
      "peer": true,
      "dependencies": {
        "loose-envify": "^1.1.0",
        "object-assign": "^4.1.1"
      },
      "engines": {
        "node": ">=0.10.0"
      }
    },
    "node_modules/react-interval": {
      "version": "2.1.2",
      "resolved": "https://registry.npmjs.org/react-interval/-/react-interval-2.1.2.tgz",
      "integrity": "sha512-WBvr4Bh5d8V+1wcvUolTg1Kt51ObKO4lZZ8HCcoAdqIuJFdkcQITu852hz9E3CtAxT/y80di9P4tdyfljpvSyw==",
      "dependencies": {
        "prop-types": "^15.6.0"
      },
      "peerDependencies": {
        "@types/react": "^15.0.0 || ^16.0.0 || ^17.0.0",
        "react": "^15.3.0 || ^16.0.0 || ^17.0.0"
      }
    },
    "node_modules/react-is": {
      "version": "16.13.1",
      "resolved": "https://registry.npmjs.org/react-is/-/react-is-16.13.1.tgz",
      "integrity": "sha512-24e6ynE2H+OKt4kqsOvNd8kBpV65zoxbA4BVsEOB3ARVWQki/DHzaUoC5KuON/BiccDaCCTZBuOcfZs70kR8bQ=="
    },
    "node_modules/sample-rate": {
      "version": "2.0.1",
      "resolved": "https://registry.npmjs.org/sample-rate/-/sample-rate-2.0.1.tgz",
      "integrity": "sha512-AIK0vVBiAEObmpJOxQu/WCyklnWGqzTSDII4O7nBo+SJHmfgBUiYhgV/Y3Ohz76gfSlU6R5CIAKggj+nAOLSvg=="
    },
    "node_modules/string-to-arraybuffer": {
      "version": "1.0.2",
      "resolved": "https://registry.npmjs.org/string-to-arraybuffer/-/string-to-arraybuffer-1.0.2.tgz",
      "integrity": "sha512-DaGZidzi93dwjQen5I2osxR9ERS/R7B1PFyufNMnzhj+fmlDQAc1DSDIJVJhgI8Oq221efIMbABUBdPHDRt43Q==",
      "dependencies": {
        "atob-lite": "^2.0.0",
        "is-base64": "^0.1.0"
      }
    }
  },
  "dependencies": {
    "@types/prop-types": {
      "version": "15.7.3",
      "resolved": "https://registry.npmjs.org/@types/prop-types/-/prop-types-15.7.3.tgz",
      "integrity": "sha512-KfRL3PuHmqQLOG+2tGpRO26Ctg+Cq1E01D2DMriKEATHgWLfeNDmq9e29Q9WIky0dQ3NPkd1mzYH8Lm936Z9qw==",
      "peer": true
    },
    "@types/react": {
      "version": "17.0.4",
      "resolved": "https://registry.npmjs.org/@types/react/-/react-17.0.4.tgz",
      "integrity": "sha512-onz2BqScSFMoTRdJUZUDD/7xrusM8hBA2Fktk2qgaTYPCgPvWnDEgkrOs8hhPUf2jfcIXkJ5yK6VfYormJS3Jw==",
      "peer": true,
      "requires": {
        "@types/prop-types": "*",
        "@types/scheduler": "*",
        "csstype": "^3.0.2"
      }
    },
    "@types/scheduler": {
      "version": "0.16.1",
      "resolved": "https://registry.npmjs.org/@types/scheduler/-/scheduler-0.16.1.tgz",
      "integrity": "sha512-EaCxbanVeyxDRTQBkdLb3Bvl/HK7PBK6UJjsSixB0iHKoWxE5uu2Q/DgtpOhPIojN0Zl1whvOd7PoHs2P0s5eA==",
      "peer": true
    },
    "atob-lite": {
      "version": "2.0.0",
      "resolved": "https://registry.npmjs.org/atob-lite/-/atob-lite-2.0.0.tgz",
      "integrity": "sha1-D+9a1G8b16hQLGVyfwNn1e5D1pY="
    },
    "audio-buffer": {
      "version": "4.0.4",
      "resolved": "https://registry.npmjs.org/audio-buffer/-/audio-buffer-4.0.4.tgz",
      "integrity": "sha512-phH+MR3G+N/PO5ZKKxx7HlU6vJwAJFa0+FCaTjr/4lUZU/RCjUTqlk3nMJTRy5+b+6cbx8m//EtwZOVI5Ht9+w==",
      "requires": {
        "audio-context": "^1.0.0"
      }
    },
    "audio-buffer-from": {
      "version": "1.1.1",
      "resolved": "https://registry.npmjs.org/audio-buffer-from/-/audio-buffer-from-1.1.1.tgz",
      "integrity": "sha512-8Wcira24z+26GXDFe7ZFRF1bJm1iWrz8O+XL8iNZxZjxqAPXIoK1IrJiOqStv35ASPbRjG57ZK/T0WO92MDUSg==",
      "requires": {
        "audio-buffer": "^4.0.4",
        "audio-context": "^1.0.1",
        "audio-format": "^2.0.0",
        "is-audio-buffer": "^1.0.11",
        "is-plain-obj": "^1.1.0",
        "pcm-convert": "^1.6.0",
        "pick-by-alias": "^1.2.0",
        "string-to-arraybuffer": "^1.0.0"
      }
    },
    "audio-context": {
      "version": "1.0.3",
      "resolved": "https://registry.npmjs.org/audio-context/-/audio-context-1.0.3.tgz",
      "integrity": "sha512-RH3/rM74f2ITlohhjgC7oYZVS97wtv/SEjXLCzEinnrIPIDxc39m2aFc6wmdkM0NYRKo1DMleYPMAIbnTRW0eA=="
    },
    "audio-format": {
      "version": "2.3.2",
      "resolved": "https://registry.npmjs.org/audio-format/-/audio-format-2.3.2.tgz",
      "integrity": "sha512-5IA2grZhaVhpGxX6lbJm8VVh/SKQULMXXrFxuiodi0zhzDPRB8BJfieo89AclEQv4bDxZRH4lv06qNnxqkFhKQ==",
      "requires": {
        "is-audio-buffer": "^1.0.11",
        "is-buffer": "^1.1.5",
        "is-plain-obj": "^1.1.0",
        "pick-by-alias": "^1.2.0",
        "sample-rate": "^2.0.0"
      }
    },
    "axios": {
      "version": "0.21.1",
      "resolved": "https://registry.npmjs.org/axios/-/axios-0.21.1.tgz",
      "integrity": "sha512-dKQiRHxGD9PPRIUNIWvZhPTPpl1rf/OxTYKsqKUDjBwYylTvV7SjSHJb9ratfyzM6wCdLCOYLzs73qpg5c4iGA==",
      "requires": {
        "follow-redirects": "^1.10.0"
      }
    },
    "base64-arraybuffer": {
      "version": "0.2.0",
      "resolved": "https://registry.npmjs.org/base64-arraybuffer/-/base64-arraybuffer-0.2.0.tgz",
      "integrity": "sha512-7emyCsu1/xiBXgQZrscw/8KPRT44I4Yq9Pe6EGs3aPRTsWuggML1/1DTuZUuIaJPIm1FTDUVXl4x/yW8s0kQDQ=="
    },
    "csstype": {
      "version": "3.0.8",
      "resolved": "https://registry.npmjs.org/csstype/-/csstype-3.0.8.tgz",
      "integrity": "sha512-jXKhWqXPmlUeoQnF/EhTtTl4C9SnrxSH/jZUih3jmO6lBKr99rP3/+FmrMj4EFpOXzMtXHAZkd3x0E6h6Fgflw==",
      "peer": true
    },
    "follow-redirects": {
      "version": "1.14.0",
      "resolved": "https://registry.npmjs.org/follow-redirects/-/follow-redirects-1.14.0.tgz",
      "integrity": "sha512-0vRwd7RKQBTt+mgu87mtYeofLFZpTas2S9zY+jIeuLJMNvudIgF52nr19q40HOwH5RrhWIPuj9puybzSJiRrVg=="
    },
    "is-audio-buffer": {
      "version": "1.1.0",
      "resolved": "https://registry.npmjs.org/is-audio-buffer/-/is-audio-buffer-1.1.0.tgz",
      "integrity": "sha512-fmPC/dizJmP4ITCsW5oTQGMJ9wZVE+A/zAe6FQo3XwgERxmXHmm3ON5XkWDAxmyxvsrDmWx3NArpSgamp/59AA=="
    },
    "is-base64": {
      "version": "0.1.0",
      "resolved": "https://registry.npmjs.org/is-base64/-/is-base64-0.1.0.tgz",
      "integrity": "sha512-WRRyllsGXJM7ZN7gPTCCQ/6wNPTRDwiWdPK66l5sJzcU/oOzcIcRRf0Rux8bkpox/1yjt0F6VJRsQOIG2qz5sg=="
    },
    "is-buffer": {
      "version": "1.1.6",
      "resolved": "https://registry.npmjs.org/is-buffer/-/is-buffer-1.1.6.tgz",
      "integrity": "sha512-NcdALwpXkTm5Zvvbk7owOUSvVvBKDgKP5/ewfXEznmQFfs4ZRmanOeKBTjRVjka3QFoN6XJ+9F3USqfHqTaU5w=="
    },
    "is-plain-obj": {
      "version": "1.1.0",
      "resolved": "https://registry.npmjs.org/is-plain-obj/-/is-plain-obj-1.1.0.tgz",
      "integrity": "sha1-caUMhCnfync8kqOQpKA7OfzVHT4="
    },
    "js-tokens": {
      "version": "4.0.0",
      "resolved": "https://registry.npmjs.org/js-tokens/-/js-tokens-4.0.0.tgz",
      "integrity": "sha512-RdJUflcE3cUzKiMqQgsCu06FPu9UdIJO0beYbPhHN4k6apgJtifcoCtT9bcxOpYBtpD2kCM6Sbzg4CausW/PKQ=="
    },
    "loose-envify": {
      "version": "1.4.0",
      "resolved": "https://registry.npmjs.org/loose-envify/-/loose-envify-1.4.0.tgz",
      "integrity": "sha512-lyuxPGr/Wfhrlem2CL/UcnUc1zcqKAImBDzukY7Y5F/yQiNdko6+fRLevlw1HgMySw7f611UIY408EtxRSoK3Q==",
      "requires": {
        "js-tokens": "^3.0.0 || ^4.0.0"
      }
    },
    "object-assign": {
      "version": "4.1.1",
      "resolved": "https://registry.npmjs.org/object-assign/-/object-assign-4.1.1.tgz",
      "integrity": "sha1-IQmtx5ZYh8/AXLvUQsrIv7s2CGM="
    },
    "pcm-convert": {
      "version": "1.6.5",
      "resolved": "https://registry.npmjs.org/pcm-convert/-/pcm-convert-1.6.5.tgz",
      "integrity": "sha512-5CEspU4j8aEQ80AhNbcLfpT0apc93E6endFxahWd4sV70I6PN7LPdz8GoYm/1qr400K9bUVsVA+KxNgbFROZPw==",
      "requires": {
        "audio-format": "^2.3.2",
        "is-audio-buffer": "^1.0.11",
        "is-buffer": "^1.1.5",
        "object-assign": "^4.1.1"
      }
    },
    "pick-by-alias": {
      "version": "1.2.0",
      "resolved": "https://registry.npmjs.org/pick-by-alias/-/pick-by-alias-1.2.0.tgz",
      "integrity": "sha1-X3yysfIabh6ISgyHhVqko3NhEHs="
    },
    "prop-types": {
      "version": "15.7.2",
      "resolved": "https://registry.npmjs.org/prop-types/-/prop-types-15.7.2.tgz",
      "integrity": "sha512-8QQikdH7//R2vurIJSutZ1smHYTcLpRWEOlHnzcWHmBYrOGUysKwSsrC89BCiFj3CbrfJ/nXFdJepOVrY1GCHQ==",
      "requires": {
        "loose-envify": "^1.4.0",
        "object-assign": "^4.1.1",
        "react-is": "^16.8.1"
      }
    },
    "react": {
      "version": "17.0.2",
      "resolved": "https://registry.npmjs.org/react/-/react-17.0.2.tgz",
      "integrity": "sha512-gnhPt75i/dq/z3/6q/0asP78D0u592D5L1pd7M8P+dck6Fu/jJeL6iVVK23fptSUZj8Vjf++7wXA8UNclGQcbA==",
      "peer": true,
      "requires": {
        "loose-envify": "^1.1.0",
        "object-assign": "^4.1.1"
      }
    },
    "react-interval": {
      "version": "2.1.2",
      "resolved": "https://registry.npmjs.org/react-interval/-/react-interval-2.1.2.tgz",
      "integrity": "sha512-WBvr4Bh5d8V+1wcvUolTg1Kt51ObKO4lZZ8HCcoAdqIuJFdkcQITu852hz9E3CtAxT/y80di9P4tdyfljpvSyw==",
      "requires": {
        "prop-types": "^15.6.0"
      }
    },
    "react-is": {
      "version": "16.13.1",
      "resolved": "https://registry.npmjs.org/react-is/-/react-is-16.13.1.tgz",
      "integrity": "sha512-24e6ynE2H+OKt4kqsOvNd8kBpV65zoxbA4BVsEOB3ARVWQki/DHzaUoC5KuON/BiccDaCCTZBuOcfZs70kR8bQ=="
    },
    "sample-rate": {
      "version": "2.0.1",
      "resolved": "https://registry.npmjs.org/sample-rate/-/sample-rate-2.0.1.tgz",
      "integrity": "sha512-AIK0vVBiAEObmpJOxQu/WCyklnWGqzTSDII4O7nBo+SJHmfgBUiYhgV/Y3Ohz76gfSlU6R5CIAKggj+nAOLSvg=="
    },
    "string-to-arraybuffer": {
      "version": "1.0.2",
      "resolved": "https://registry.npmjs.org/string-to-arraybuffer/-/string-to-arraybuffer-1.0.2.tgz",
      "integrity": "sha512-DaGZidzi93dwjQen5I2osxR9ERS/R7B1PFyufNMnzhj+fmlDQAc1DSDIJVJhgI8Oq221efIMbABUBdPHDRt43Q==",
      "requires": {
        "atob-lite": "^2.0.0",
        "is-base64": "^0.1.0"
      }
    }
  }
}
